
Microsoft Visual Studio Solution File, Format Version 12.00
# Visual Studio 15
VisualStudioVersion = 15.0.28307.539
MinimumVisualStudioVersion = 10.0.40219.1
Project("{FAE04EC0-301F-11D3-BF4B-00C04F79EFBC}") = "Hayden", "Hayden\Hayden.csproj", "{16AEA46D-1AB2-4F07-9E26-E4DB0B0C72B6}"
EndProject
Global
	GlobalSection(SolutionConfigurationPlatforms) = preSolution
		Debug|Any CPU = Debug|Any CPU
		Release|Any CPU = Release|Any CPU
	EndGlobalSection
	GlobalSection(ProjectConfigurationPlatforms) = postSolution
		{16AEA46D-1AB2-4F07-9E26-E4DB0B0C72B6}.Debug|Any CPU.ActiveCfg = Debug|Any CPU
		{16AEA46D-1AB2-4F07-9E26-E4DB0B0C72B6}.Debug|Any CPU.Build.0 = Debug|Any CPU
		{16AEA46D-1AB2-4F07-9E26-E4DB0B0C72B6}.Release|Any CPU.ActiveCfg = Release|Any CPU
		{16AEA46D-1AB2-4F07-9E26-E4DB0B0C72B6}.Release|Any CPU.Build.0 = Release|Any CPU
	EndGlobalSection
	GlobalSection(SolutionProperties) = preSolution
		HideSolutionNode = FALSE
	EndGlobalSection
	GlobalSection(ExtensibilityGlobals) = postSolution
		SolutionGuid = {700405E1-10A7-4E1F-AD71-6A8FEED656F7}
	EndGlobalSection
EndGlobal
